// !$*UTF8*$!
{
	archiveVersion = 1;
	classes = {
	};
	objectVersion = 50;
	objects = {

/* Begin PBXBuildFile section */
		84152D43221CFEED001A3242 /* ELButton.swift in Sources */ = {isa = PBXBuildFile; fileRef = 84152D42221CFEED001A3242 /* ELButton.swift */; };
		84152D7C221D4070001A3242 /* AppDelegate.swift in Sources */ = {isa = PBXBuildFile; fileRef = 84152D7B221D4070001A3242 /* AppDelegate.swift */; };
		84152D7E221D4070001A3242 /* ViewController.swift in Sources */ = {isa = PBXBuildFile; fileRef = 84152D7D221D4070001A3242 /* ViewController.swift */; };
		84152D81221D4070001A3242 /* Main.storyboard in Resources */ = {isa = PBXBuildFile; fileRef = 84152D7F221D4070001A3242 /* Main.storyboard */; };
		84152D83221D4070001A3242 /* Assets.xcassets in Resources */ = {isa = PBXBuildFile; fileRef = 84152D82221D4070001A3242 /* Assets.xcassets */; };
		84152D86221D4070001A3242 /* LaunchScreen.storyboard in Resources */ = {isa = PBXBuildFile; fileRef = 84152D84221D4070001A3242 /* LaunchScreen.storyboard */; };
		84152D8B221D407C001A3242 /* Elements.framework in Frameworks */ = {isa = PBXBuildFile; fileRef = 8425ECA0221BA4100056C9D7 /* Elements.framework */; };
		8425ECA5221BA4100056C9D7 /* iOS_Elements.h in Headers */ = {isa = PBXBuildFile; fileRef = 8425ECA3221BA4100056C9D7 /* iOS_Elements.h */; settings = {ATTRIBUTES = (Public, ); }; };
		8425ECD0221BAC160056C9D7 /* ELColor.swift in Sources */ = {isa = PBXBuildFile; fileRef = 8425ECCE221BAC160056C9D7 /* ELColor.swift */; };
		8425ECD4221BACD90056C9D7 /* ELIcons.swift in Sources */ = {isa = PBXBuildFile; fileRef = 8425ECD3221BACD90056C9D7 /* ELIcons.swift */; };
		8425ECD6221BB4080056C9D7 /* ELResources.bundle in Resources */ = {isa = PBXBuildFile; fileRef = 8425ECD5221BB4080056C9D7 /* ELResources.bundle */; };
		846F56A82255E60000ED27CF /* ELButtonTheme.swift in Sources */ = {isa = PBXBuildFile; fileRef = 846F56A72255E60000ED27CF /* ELButtonTheme.swift */; };
		84A8842D225B1CB400E93079 /* ELSelection.swift in Sources */ = {isa = PBXBuildFile; fileRef = 84A8842C225B1CB400E93079 /* ELSelection.swift */; };
		84FCDDB8225C309F00FC1561 /* ELTextInput.swift in Sources */ = {isa = PBXBuildFile; fileRef = 84FCDDB7225C309F00FC1561 /* ELTextInput.swift */; };
		84FCDDBA225C7D0900FC1561 /* ELPoper.swift in Sources */ = {isa = PBXBuildFile; fileRef = 84FCDDB9225C7D0900FC1561 /* ELPoper.swift */; };
		84FCDDBC226063CC00FC1561 /* ELNumberInput.swift in Sources */ = {isa = PBXBuildFile; fileRef = 84FCDDBB226063CC00FC1561 /* ELNumberInput.swift */; };
/* End PBXBuildFile section */

/* Begin PBXFileReference section */
		84152D42221CFEED001A3242 /* ELButton.swift */ = {isa = PBXFileReference; lastKnownFileType = sourcecode.swift; path = ELButton.swift; sourceTree = "<group>"; };
		84152D79221D4070001A3242 /* iOS-Elements-Demo.app */ = {isa = PBXFileReference; explicitFileType = wrapper.application; includeInIndex = 0; path = "iOS-Elements-Demo.app"; sourceTree = BUILT_PRODUCTS_DIR; };
		84152D7B221D4070001A3242 /* AppDelegate.swift */ = {isa = PBXFileReference; lastKnownFileType = sourcecode.swift; path = AppDelegate.swift; sourceTree = "<group>"; };
		84152D7D221D4070001A3242 /* ViewController.swift */ = {isa = PBXFileReference; lastKnownFileType = sourcecode.swift; path = ViewController.swift; sourceTree = "<group>"; };
		84152D80221D4070001A3242 /* Base */ = {isa = PBXFileReference; lastKnownFileType = file.storyboard; name = Base; path = Base.lproj/Main.storyboard; sourceTree = "<group>"; };
		84152D82221D4070001A3242 /* Assets.xcassets */ = {isa = PBXFileReference; lastKnownFileType = folder.assetcatalog; path = Assets.xcassets; sourceTree = "<group>"; };
		84152D85221D4070001A3242 /* Base */ = {isa = PBXFileReference; lastKnownFileType = file.storyboard; name = Base; path = Base.lproj/LaunchScreen.storyboard; sourceTree = "<group>"; };
		84152D87221D4070001A3242 /* Info.plist */ = {isa = PBXFileReference; lastKnownFileType = text.plist.xml; path = Info.plist; sourceTree = "<group>"; };
		8425ECA0221BA4100056C9D7 /* Elements.framework */ = {isa = PBXFileReference; explicitFileType = wrapper.framework; includeInIndex = 0; path = Elements.framework; sourceTree = BUILT_PRODUCTS_DIR; };
		8425ECA3221BA4100056C9D7 /* iOS_Elements.h */ = {isa = PBXFileReference; lastKnownFileType = sourcecode.c.h; path = iOS_Elements.h; sourceTree = "<group>"; };
		8425ECA4221BA4100056C9D7 /* Info.plist */ = {isa = PBXFileReference; lastKnownFileType = text.plist.xml; path = Info.plist; sourceTree = "<group>"; };
		8425ECCE221BAC160056C9D7 /* ELColor.swift */ = {isa = PBXFileReference; fileEncoding = 4; lastKnownFileType = sourcecode.swift; path = ELColor.swift; sourceTree = "<group>"; };
		8425ECD3221BACD90056C9D7 /* ELIcons.swift */ = {isa = PBXFileReference; lastKnownFileType = sourcecode.swift; path = ELIcons.swift; sourceTree = "<group>"; };
		8425ECD5221BB4080056C9D7 /* ELResources.bundle */ = {isa = PBXFileReference; lastKnownFileType = "wrapper.plug-in"; path = ELResources.bundle; sourceTree = "<group>"; };
		846F56A72255E60000ED27CF /* ELButtonTheme.swift */ = {isa = PBXFileReference; lastKnownFileType = sourcecode.swift; path = ELButtonTheme.swift; sourceTree = "<group>"; };
		84A8842C225B1CB400E93079 /* ELSelection.swift */ = {isa = PBXFileReference; lastKnownFileType = sourcecode.swift; path = ELSelection.swift; sourceTree = "<group>"; };
		84FCDDB7225C309F00FC1561 /* ELTextInput.swift */ = {isa = PBXFileReference; lastKnownFileType = sourcecode.swift; path = ELTextInput.swift; sourceTree = "<group>"; };
		84FCDDB9225C7D0900FC1561 /* ELPoper.swift */ = {isa = PBXFileReference; fileEncoding = 4; lastKnownFileType = sourcecode.swift; path = ELPoper.swift; sourceTree = "<group>"; };
		84FCDDBB226063CC00FC1561 /* ELNumberInput.swift */ = {isa = PBXFileReference; lastKnownFileType = sourcecode.swift; path = ELNumberInput.swift; sourceTree = "<group>"; };
/* End PBXFileReference section */

/* Begin PBXFrameworksBuildPhase section */
		84152D76221D4070001A3242 /* Frameworks */ = {
			isa = PBXFrameworksBuildPhase;
			buildActionMask = 2147483647;
			files = (
				84152D8B221D407C001A3242 /* Elements.framework in Frameworks */,
			);
			runOnlyForDeploymentPostprocessing = 0;
		};
		8425EC9D221BA4100056C9D7 /* Frameworks */ = {
			isa = PBXFrameworksBuildPhase;
			buildActionMask = 2147483647;
			files = (
			);
			runOnlyForDeploymentPostprocessing = 0;
		};
/* End PBXFrameworksBuildPhase section */

/* Begin PBXGroup section */
		840CFA6C221E8B8C00058DFF /* Form */ = {
			isa = PBXGroup;
			children = (
				84FCDDB9225C7D0900FC1561 /* ELPoper.swift */,
				84A8842C225B1CB400E93079 /* ELSelection.swift */,
				84FCDDB7225C309F00FC1561 /* ELTextInput.swift */,
				84FCDDBB226063CC00FC1561 /* ELNumberInput.swift */,
			);
			path = Form;
			sourceTree = "<group>";
		};
		84152D41221CFEE3001A3242 /* Button */ = {
			isa = PBXGroup;
			children = (
				84152D42221CFEED001A3242 /* ELButton.swift */,
				846F56A72255E60000ED27CF /* ELButtonTheme.swift */,
			);
			path = Button;
			sourceTree = "<group>";
		};
		84152D73221D3DB3001A3242 /* Frameworks */ = {
			isa = PBXGroup;
			children = (
			);
			name = Frameworks;
			sourceTree = "<group>";
		};
		84152D7A221D4070001A3242 /* iOS-Elements-Demo */ = {
			isa = PBXGroup;
			children = (
				84152D7B221D4070001A3242 /* AppDelegate.swift */,
				84152D7D221D4070001A3242 /* ViewController.swift */,
				84152D7F221D4070001A3242 /* Main.storyboard */,
				84152D82221D4070001A3242 /* Assets.xcassets */,
				84152D84221D4070001A3242 /* LaunchScreen.storyboard */,
				84152D87221D4070001A3242 /* Info.plist */,
			);
			path = "iOS-Elements-Demo";
			sourceTree = "<group>";
		};
		8425EC96221BA4100056C9D7 = {
			isa = PBXGroup;
			children = (
				8425ECA2221BA4100056C9D7 /* iOS-Elements */,
				84152D7A221D4070001A3242 /* iOS-Elements-Demo */,
				8425ECA1221BA4100056C9D7 /* Products */,
				84152D73221D3DB3001A3242 /* Frameworks */,
			);
			sourceTree = "<group>";
		};
		8425ECA1221BA4100056C9D7 /* Products */ = {
			isa = PBXGroup;
			children = (
				8425ECA0221BA4100056C9D7 /* Elements.framework */,
				84152D79221D4070001A3242 /* iOS-Elements-Demo.app */,
			);
			name = Products;
			sourceTree = "<group>";
		};
		8425ECA2221BA4100056C9D7 /* iOS-Elements */ = {
			isa = PBXGroup;
			children = (
				840CFA6C221E8B8C00058DFF /* Form */,
				8425ECCC221BAC160056C9D7 /* Basic */,
				8425ECA3221BA4100056C9D7 /* iOS_Elements.h */,
				8425ECA4221BA4100056C9D7 /* Info.plist */,
			);
			path = "iOS-Elements";
			sourceTree = "<group>";
		};
		8425ECCC221BAC160056C9D7 /* Basic */ = {
			isa = PBXGroup;
			children = (
				84152D41221CFEE3001A3242 /* Button */,
				8425ECD2221BACCD0056C9D7 /* Icons */,
				8425ECCD221BAC160056C9D7 /* Color */,
			);
			path = Basic;
			sourceTree = "<group>";
		};
		8425ECCD221BAC160056C9D7 /* Color */ = {
			isa = PBXGroup;
			children = (
				8425ECCE221BAC160056C9D7 /* ELColor.swift */,
			);
			path = Color;
			sourceTree = "<group>";
		};
		8425ECD2221BACCD0056C9D7 /* Icons */ = {
			isa = PBXGroup;
			children = (
				8425ECD3221BACD90056C9D7 /* ELIcons.swift */,
				8425ECD5221BB4080056C9D7 /* ELResources.bundle */,
			);
			path = Icons;
			sourceTree = "<group>";
		};
/* End PBXGroup section */

/* Begin PBXHeadersBuildPhase section */
		8425EC9B221BA4100056C9D7 /* Headers */ = {
			isa = PBXHeadersBuildPhase;
			buildActionMask = 2147483647;
			files = (
				8425ECA5221BA4100056C9D7 /* iOS_Elements.h in Headers */,
			);
			runOnlyForDeploymentPostprocessing = 0;
		};
/* End PBXHeadersBuildPhase section */

/* Begin PBXNativeTarget section */
		84152D78221D4070001A3242 /* iOS-Elements-Demo */ = {
			isa = PBXNativeTarget;
			buildConfigurationList = 84152D88221D4070001A3242 /* Build configuration list for PBXNativeTarget "iOS-Elements-Demo" */;
			buildPhases = (
				84152D75221D4070001A3242 /* Sources */,
				84152D76221D4070001A3242 /* Frameworks */,
				84152D77221D4070001A3242 /* Resources */,
			);
			buildRules = (
			);
			dependencies = (
			);
			name = "iOS-Elements-Demo";
			productName = "iOS-Elements-Demo";
			productReference = 84152D79221D4070001A3242 /* iOS-Elements-Demo.app */;
			productType = "com.apple.product-type.application";
		};
		8425EC9F221BA4100056C9D7 /* iOS-Elements */ = {
			isa = PBXNativeTarget;
			buildConfigurationList = 8425ECA8221BA4100056C9D7 /* Build configuration list for PBXNativeTarget "iOS-Elements" */;
			buildPhases = (
				8425EC9B221BA4100056C9D7 /* Headers */,
				8425EC9C221BA4100056C9D7 /* Sources */,
				8425EC9D221BA4100056C9D7 /* Frameworks */,
				8425EC9E221BA4100056C9D7 /* Resources */,
			);
			buildRules = (
			);
			dependencies = (
			);
			name = "iOS-Elements";
			productName = "iOS-Elements";
			productReference = 8425ECA0221BA4100056C9D7 /* Elements.framework */;
			productType = "com.apple.product-type.framework";
		};
/* End PBXNativeTarget section */

/* Begin PBXProject section */
		8425EC97221BA4100056C9D7 /* Project object */ = {
			isa = PBXProject;
			attributes = {
				LastSwiftUpdateCheck = 1010;
				LastUpgradeCheck = 1010;
				ORGANIZATIONNAME = Develop;
				TargetAttributes = {
					84152D78221D4070001A3242 = {
						CreatedOnToolsVersion = 10.1;
					};
					8425EC9F221BA4100056C9D7 = {
						CreatedOnToolsVersion = 10.1;
					};
				};
			};
			buildConfigurationList = 8425EC9A221BA4100056C9D7 /* Build configuration list for PBXProject "iOS-Elements" */;
			compatibilityVersion = "Xcode 9.3";
			developmentRegion = en;
			hasScannedForEncodings = 0;
			knownRegions = (
				en,
				Base,
			);
			mainGroup = 8425EC96221BA4100056C9D7;
			productRefGroup = 8425ECA1221BA4100056C9D7 /* Products */;
			projectDirPath = "";
			projectRoot = "";
			targets = (
				8425EC9F221BA4100056C9D7 /* iOS-Elements */,
				84152D78221D4070001A3242 /* iOS-Elements-Demo */,
			);
		};
/* End PBXProject section */

/* Begin PBXResourcesBuildPhase section */
		84152D77221D4070001A3242 /* Resources */ = {
			isa = PBXResourcesBuildPhase;
			buildActionMask = 2147483647;
			files = (
				84152D86221D4070001A3242 /* LaunchScreen.storyboard in Resources */,
				84152D83221D4070001A3242 /* Assets.xcassets in Resources */,
				84152D81221D4070001A3242 /* Main.storyboard in Resources */,
			);
			runOnlyForDeploymentPostprocessing = 0;
		};
		8425EC9E221BA4100056C9D7 /* Resources */ = {
			isa = PBXResourcesBuildPhase;
			buildActionMask = 2147483647;
			files = (
				8425ECD6221BB4080056C9D7 /* ELResources.bundle in Resources */,
			);
			runOnlyForDeploymentPostprocessing = 0;
		};
/* End PBXResourcesBuildPhase section */

/* Begin PBXSourcesBuildPhase section */
		84152D75221D4070001A3242 /* Sources */ = {
			isa = PBXSourcesBuildPhase;
			buildActionMask = 2147483647;
			files = (
				84152D7E221D4070001A3242 /* ViewController.swift in Sources */,
				84152D7C221D4070001A3242 /* AppDelegate.swift in Sources */,
			);
			runOnlyForDeploymentPostprocessing = 0;
		};
		8425EC9C221BA4100056C9D7 /* Sources */ = {
			isa = PBXSourcesBuildPhase;
			buildActionMask = 2147483647;
			files = (
				84FCDDBC226063CC00FC1561 /* ELNumberInput.swift in Sources */,
				846F56A82255E60000ED27CF /* ELButtonTheme.swift in Sources */,
				84FCDDBA225C7D0900FC1561 /* ELPoper.swift in Sources */,
				8425ECD0221BAC160056C9D7 /* ELColor.swift in Sources */,
				84A8842D225B1CB400E93079 /* ELSelection.swift in Sources */,
				84FCDDB8225C309F00FC1561 /* ELTextInput.swift in Sources */,
				8425ECD4221BACD90056C9D7 /* ELIcons.swift in Sources */,
				84152D43221CFEED001A3242 /* ELButton.swift in Sources */,
			);
			runOnlyForDeploymentPostprocessing = 0;
		};
/* End PBXSourcesBuildPhase section */

/* Begin PBXVariantGroup section */
		84152D7F221D4070001A3242 /* Main.storyboard */ = {
			isa = PBXVariantGroup;
			children = (
				84152D80221D4070001A3242 /* Base */,
			);
			name = Main.storyboard;
			sourceTree = "<group>";
		};
		84152D84221D4070001A3242 /* LaunchScreen.storyboard */ = {
			isa = PBXVariantGroup;
			children = (
				84152D85221D4070001A3242 /* Base */,
			);
			name = LaunchScreen.storyboard;
			sourceTree = "<group>";
		};
/* End PBXVariantGroup section */

/* Begin XCBuildConfiguration section */
		84152D89221D4070001A3242 /* Debug */ = {
			isa = XCBuildConfiguration;
			buildSettings = {
				ASSETCATALOG_COMPILER_APPICON_NAME = AppIcon;
				CODE_SIGN_STYLE = Automatic;
				INFOPLIST_FILE = "iOS-Elements-Demo/Info.plist";
				LD_RUNPATH_SEARCH_PATHS = (
					"$(inherited)",
					"@executable_path/Frameworks",
				);
				PRODUCT_BUNDLE_IDENTIFIER = "com.develop.iOS-Elements-Demo";
				PRODUCT_NAME = "$(TARGET_NAME)";
				SWIFT_VERSION = 4.2;
				TARGETED_DEVICE_FAMILY = "1,2";
			};
			name = Debug;
		};
		84152D8A221D4070001A3242 /* Release */ = {
			isa = XCBuildConfiguration;
			buildSettings = {
				ASSETCATALOG_COMPILER_APPICON_NAME = AppIcon;
				CODE_SIGN_STYLE = Automatic;
				INFOPLIST_FILE = "iOS-Elements-Demo/Info.plist";
				LD_RUNPATH_SEARCH_PATHS = (
					"$(inherited)",
					"@executable_path/Frameworks",
				);
				PRODUCT_BUNDLE_IDENTIFIER = "com.develop.iOS-Elements-Demo";
				PRODUCT_NAME = "$(TARGET_NAME)";
				SWIFT_VERSION = 4.2;
				TARGETED_DEVICE_FAMILY = "1,2";
			};
			name = Release;
		};
		8425ECA6221BA4100056C9D7 /* Debug */ = {
			isa = XCBuildConfiguration;
			buildSettings = {
				ALWAYS_SEARCH_USER_PATHS = NO;
				CLANG_ANALYZER_NONNULL = YES;
				CLANG_ANALYZER_NUMBER_OBJECT_CONVERSION = YES_AGGRESSIVE;
				CLANG_CXX_LANGUAGE_STANDARD = "gnu++14";
				CLANG_CXX_LIBRARY = "libc++";
				CLANG_ENABLE_MODULES = YES;
				CLANG_ENABLE_OBJC_ARC = YES;
				CLANG_ENABLE_OBJC_WEAK = YES;
				CLANG_WARN_BLOCK_CAPTURE_AUTORELEASING = YES;
				CLANG_WARN_BOOL_CONVERSION = YES;
				CLANG_WARN_COMMA = YES;
				CLANG_WARN_CONSTANT_CONVERSION = YES;
				CLANG_WARN_DEPRECATED_OBJC_IMPLEMENTATIONS = YES;
				CLANG_WARN_DIRECT_OBJC_ISA_USAGE = YES_ERROR;
				CLANG_WARN_DOCUMENTATION_COMMENTS = YES;
				CLANG_WARN_EMPTY_BODY = YES;
				CLANG_WARN_ENUM_CONVERSION = YES;
				CLANG_WARN_INFINITE_RECURSION = YES;
				CLANG_WARN_INT_CONVERSION = YES;
				CLANG_WARN_NON_LITERAL_NULL_CONVERSION = YES;
				CLANG_WARN_OBJC_IMPLICIT_RETAIN_SELF = YES;
				CLANG_WARN_OBJC_LITERAL_CONVERSION = YES;
				CLANG_WARN_OBJC_ROOT_CLASS = YES_ERROR;
				CLANG_WARN_RANGE_LOOP_ANALYSIS = YES;
				CLANG_WARN_STRICT_PROTOTYPES = YES;
				CLANG_WARN_SUSPICIOUS_MOVE = YES;
				CLANG_WARN_UNGUARDED_AVAILABILITY = YES_AGGRESSIVE;
				CLANG_WARN_UNREACHABLE_CODE = YES;
				CLANG_WARN__DUPLICATE_METHOD_MATCH = YES;
				CODE_SIGN_IDENTITY = "iPhone Developer";
				COPY_PHASE_STRIP = NO;
				CURRENT_PROJECT_VERSION = 1;
				DEBUG_INFORMATION_FORMAT = dwarf;
				ENABLE_STRICT_OBJC_MSGSEND = YES;
				ENABLE_TESTABILITY = YES;
				GCC_C_LANGUAGE_STANDARD = gnu11;
				GCC_DYNAMIC_NO_PIC = NO;
				GCC_NO_COMMON_BLOCKS = YES;
				GCC_OPTIMIZATION_LEVEL = 0;
				GCC_PREPROCESSOR_DEFINITIONS = (
					"DEBUG=1",
					"$(inherited)",
				);
				GCC_WARN_64_TO_32_BIT_CONVERSION = YES;
				GCC_WARN_ABOUT_RETURN_TYPE = YES_ERROR;
				GCC_WARN_UNDECLARED_SELECTOR = YES;
				GCC_WARN_UNINITIALIZED_AUTOS = YES_AGGRESSIVE;
				GCC_WARN_UNUSED_FUNCTION = YES;
				GCC_WARN_UNUSED_VARIABLE = YES;
				IPHONEOS_DEPLOYMENT_TARGET = 12.1;
				MTL_ENABLE_DEBUG_INFO = INCLUDE_SOURCE;
				MTL_FAST_MATH = YES;
				ONLY_ACTIVE_ARCH = YES;
				SDKROOT = iphoneos;
				SWIFT_ACTIVE_COMPILATION_CONDITIONS = DEBUG;
				SWIFT_OPTIMIZATION_LEVEL = "-Onone";
				VERSIONING_SYSTEM = "apple-generic";
				VERSION_INFO_PREFIX = "";
			};
			name = Debug;
		};
		8425ECA7221BA4100056C9D7 /* Release */ = {
			isa = XCBuildConfiguration;
			buildSettings = {
				ALWAYS_SEARCH_USER_PATHS = NO;
				CLANG_ANALYZER_NONNULL = YES;
				CLANG_ANALYZER_NUMBER_OBJECT_CONVERSION = YES_AGGRESSIVE;
				CLANG_CXX_LANGUAGE_STANDARD = "gnu++14";
				CLANG_CXX_LIBRARY = "libc++";
				CLANG_ENABLE_MODULES = YES;
				CLANG_ENABLE_OBJC_ARC = YES;
				CLANG_ENABLE_OBJC_WEAK = YES;
				CLANG_WARN_BLOCK_CAPTURE_AUTORELEASING = YES;
				CLANG_WARN_BOOL_CONVERSION = YES;
				CLANG_WARN_COMMA = YES;
				CLANG_WARN_CONSTANT_CONVERSION = YES;
				CLANG_WARN_DEPRECATED_OBJC_IMPLEMENTATIONS = YES;
				CLANG_WARN_DIRECT_OBJC_ISA_USAGE = YES_ERROR;
				CLANG_WARN_DOCUMENTATION_COMMENTS = YES;
				CLANG_WARN_EMPTY_BODY = YES;
				CLANG_WARN_ENUM_CONVERSION = YES;
				CLANG_WARN_INFINITE_RECURSION = YES;
				CLANG_WARN_INT_CONVERSION = YES;
				CLANG_WARN_NON_LITERAL_NULL_CONVERSION = YES;
				CLANG_WARN_OBJC_IMPLICIT_RETAIN_SELF = YES;
				CLANG_WARN_OBJC_LITERAL_CONVERSION = YES;
				CLANG_WARN_OBJC_ROOT_CLASS = YES_ERROR;
				CLANG_WARN_RANGE_LOOP_ANALYSIS = YES;
				CLANG_WARN_STRICT_PROTOTYPES = YES;
				CLANG_WARN_SUSPICIOUS_MOVE = YES;
				CLANG_WARN_UNGUARDED_AVAILABILITY = YES_AGGRESSIVE;
				CLANG_WARN_UNREACHABLE_CODE = YES;
				CLANG_WARN__DUPLICATE_METHOD_MATCH = YES;
				CODE_SIGN_IDENTITY = "iPhone Developer";
				COPY_PHASE_STRIP = NO;
				CURRENT_PROJECT_VERSION = 1;
				DEBUG_INFORMATION_FORMAT = "dwarf-with-dsym";
				ENABLE_NS_ASSERTIONS = NO;
				ENABLE_STRICT_OBJC_MSGSEND = YES;
				GCC_C_LANGUAGE_STANDARD = gnu11;
				GCC_NO_COMMON_BLOCKS = YES;
				GCC_WARN_64_TO_32_BIT_CONVERSION = YES;
				GCC_WARN_ABOUT_RETURN_TYPE = YES_ERROR;
				GCC_WARN_UNDECLARED_SELECTOR = YES;
				GCC_WARN_UNINITIALIZED_AUTOS = YES_AGGRESSIVE;
				GCC_WARN_UNUSED_FUNCTION = YES;
				GCC_WARN_UNUSED_VARIABLE = YES;
				IPHONEOS_DEPLOYMENT_TARGET = 12.1;
				MTL_ENABLE_DEBUG_INFO = NO;
				MTL_FAST_MATH = YES;
				SDKROOT = iphoneos;
				SWIFT_COMPILATION_MODE = wholemodule;
				SWIFT_OPTIMIZATION_LEVEL = "-O";
				VALIDATE_PRODUCT = YES;
				VERSIONING_SYSTEM = "apple-generic";
				VERSION_INFO_PREFIX = "";
			};
			name = Release;
		};
		8425ECA9221BA4100056C9D7 /* Debug */ = {
			isa = XCBuildConfiguration;
			buildSettings = {
				CODE_SIGN_IDENTITY = "";
				CODE_SIGN_STYLE = Automatic;
				DEFINES_MODULE = YES;
				DYLIB_COMPATIBILITY_VERSION = 1;
				DYLIB_CURRENT_VERSION = 1;
				DYLIB_INSTALL_NAME_BASE = "@rpath";
				INFOPLIST_FILE = "iOS-Elements/Info.plist";
				INSTALL_PATH = "$(LOCAL_LIBRARY_DIR)/Frameworks";
				IPHONEOS_DEPLOYMENT_TARGET = 10.0;
				LD_RUNPATH_SEARCH_PATHS = (
					"$(inherited)",
					"@executable_path/Frameworks",
					"@loader_path/Frameworks",
				);
				PRODUCT_BUNDLE_IDENTIFIER = com.develop.ios.elements;
				PRODUCT_MODULE_NAME = Elements;
				PRODUCT_NAME = Elements;
				SKIP_INSTALL = YES;
				SWIFT_VERSION = 4.2;
				TARGETED_DEVICE_FAMILY = "1,2";
			};
			name = Debug;
		};
		8425ECAA221BA4100056C9D7 /* Release */ = {
			isa = XCBuildConfiguration;
			buildSettings = {
				CODE_SIGN_IDENTITY = "";
				CODE_SIGN_STYLE = Automatic;
				DEFINES_MODULE = YES;
				DYLIB_COMPATIBILITY_VERSION = 1;
				DYLIB_CURRENT_VERSION = 1;
				DYLIB_INSTALL_NAME_BASE = "@rpath";
				INFOPLIST_FILE = "iOS-Elements/Info.plist";
				INSTALL_PATH = "$(LOCAL_LIBRARY_DIR)/Frameworks";
				IPHONEOS_DEPLOYMENT_TARGET = 10.0;
				LD_RUNPATH_SEARCH_PATHS = (
					"$(inherited)",
					"@executable_path/Frameworks",
					"@loader_path/Frameworks",
				);
				PRODUCT_BUNDLE_IDENTIFIER = com.develop.ios.elements;
				PRODUCT_MODULE_NAME = Elements;
				PRODUCT_NAME = Elements;
				SKIP_INSTALL = YES;
				SWIFT_VERSION = 4.2;
				TARGETED_DEVICE_FAMILY = "1,2";
			};
			name = Release;
		};
/* End XCBuildConfiguration section */

/* Begin XCConfigurationList section */
		84152D88221D4070001A3242 /* Build configuration list for PBXNativeTarget "iOS-Elements-Demo" */ = {
			isa = XCConfigurationList;
			buildConfigurations = (
				84152D89221D4070001A3242 /* Debug */,
				84152D8A221D4070001A3242 /* Release */,
			);
			defaultConfigurationIsVisible = 0;
			defaultConfigurationName = Release;
		};
		8425EC9A221BA4100056C9D7 /* Build configuration list for PBXProject "iOS-Elements" */ = {
			isa = XCConfigurationList;
			buildConfigurations = (
				8425ECA6221BA4100056C9D7 /* Debug */,
				8425ECA7221BA4100056C9D7 /* Release */,
			);
			defaultConfigurationIsVisible = 0;
			defaultConfigurationName = Release;
		};
		8425ECA8221BA4100056C9D7 /* Build configuration list for PBXNativeTarget "iOS-Elements" */ = {
			isa = XCConfigurationList;
			buildConfigurations = (
				8425ECA9221BA4100056C9D7 /* Debug */,
				8425ECAA221BA4100056C9D7 /* Release */,
			);
			defaultConfigurationIsVisible = 0;
			defaultConfigurationName = Release;
		};
/* End XCConfigurationList section */
	};
	rootObject = 8425EC97221BA4100056C9D7 /* Project object */;
}
